
Microsoft Visual Studio Solution File, Format Version 12.00
# Visual Studio Version 16
VisualStudioVersion = 16.0.30621.155
MinimumVisualStudioVersion = 10.0.40219.1
Project("{9A19103F-16F7-4668-BE54-9A1E7A4F7556}") = "BancoBariSender", "BancoBari\BancoBariSender.csproj", "{9931C0A1-F7A3-453F-969C-FE5BF878A0A2}"
EndProject
Project("{FAE04EC0-301F-11D3-BF4B-00C04F79EFBC}") = "BancoBariConsumer", "BancoBariConsumer\BancoBariConsumer.csproj", "{587D3C7D-C521-43A6-AF49-22426681CBC2}"
EndProject
Project("{FAE04EC0-301F-11D3-BF4B-00C04F79EFBC}") = "Common", "Common\Common.csproj", "{6EF24D04-8BDE-4030-BFDE-94615A3A92F1}"
EndProject
Global
	GlobalSection(SolutionConfigurationPlatforms) = preSolution
		Debug|Any CPU = Debug|Any CPU
		Release|Any CPU = Release|Any CPU
	EndGlobalSection
	GlobalSection(ProjectConfigurationPlatforms) = postSolution
		{9931C0A1-F7A3-453F-969C-FE5BF878A0A2}.Debug|Any CPU.ActiveCfg = Debug|Any CPU
		{9931C0A1-F7A3-453F-969C-FE5BF878A0A2}.Debug|Any CPU.Build.0 = Debug|Any CPU
		{9931C0A1-F7A3-453F-969C-FE5BF878A0A2}.Release|Any CPU.ActiveCfg = Release|Any CPU
		{9931C0A1-F7A3-453F-969C-FE5BF878A0A2}.Release|Any CPU.Build.0 = Release|Any CPU
		{587D3C7D-C521-43A6-AF49-22426681CBC2}.Debug|Any CPU.ActiveCfg = Debug|Any CPU
		{587D3C7D-C521-43A6-AF49-22426681CBC2}.Debug|Any CPU.Build.0 = Debug|Any CPU
		{587D3C7D-C521-43A6-AF49-22426681CBC2}.Release|Any CPU.ActiveCfg = Release|Any CPU
		{587D3C7D-C521-43A6-AF49-22426681CBC2}.Release|Any CPU.Build.0 = Release|Any CPU
		{6EF24D04-8BDE-4030-BFDE-94615A3A92F1}.Debug|Any CPU.ActiveCfg = Debug|Any CPU
		{6EF24D04-8BDE-4030-BFDE-94615A3A92F1}.Debug|Any CPU.Build.0 = Debug|Any CPU
		{6EF24D04-8BDE-4030-BFDE-94615A3A92F1}.Release|Any CPU.ActiveCfg = Release|Any CPU
		{6EF24D04-8BDE-4030-BFDE-94615A3A92F1}.Release|Any CPU.Build.0 = Release|Any CPU
	EndGlobalSection
	GlobalSection(SolutionProperties) = preSolution
		HideSolutionNode = FALSE
	EndGlobalSection
	GlobalSection(ExtensibilityGlobals) = postSolution
		SolutionGuid = {19015A30-886B-4D64-A7BF-E17D4EA2FE67}
	EndGlobalSection
EndGlobal
